
Microsoft Visual Studio Solution File, Format Version 12.00
# Visual Studio Version 16
VisualStudioVersion = 16.0.31702.278
MinimumVisualStudioVersion = 10.0.40219.1
Project("{9A19103F-16F7-4668-BE54-9A1E7A4F7556}") = "SchedulerModels", "Models\SchedulerModels.csproj", "{1ADA7E2A-8B6C-4537-887F-ED4F828E98B0}"
EndProject
Project("{9A19103F-16F7-4668-BE54-9A1E7A4F7556}") = "SchedulerApp", "SchedulerApp\SchedulerApp.csproj", "{429CE00D-C67C-4B74-B90E-E71EC06346E6}"
EndProject
Project("{9A19103F-16F7-4668-BE54-9A1E7A4F7556}") = "SchedulerMigrations", "SchedulerMigrations\SchedulerMigrations.csproj", "{FF684113-46CE-4711-A16D-99AE26A5E7A5}"
EndProject
Project("{9A19103F-16F7-4668-BE54-9A1E7A4F7556}") = "BLL", "BLL\BLL.csproj", "{4DD1E92D-4010-40A8-8C31-2225B6760C7F}"
EndProject
Project("{9A19103F-16F7-4668-BE54-9A1E7A4F7556}") = "DAL", "DAL\DAL.csproj", "{F77E9B6E-A017-421C-949D-4CD4629E4178}"
EndProject
Project("{9A19103F-16F7-4668-BE54-9A1E7A4F7556}") = "SchedulerViewModels", "SchedulerViewModels\SchedulerViewModels.csproj", "{0B111C3D-185F-4DD5-89B8-9745014D568C}"
EndProject
Project("{9A19103F-16F7-4668-BE54-9A1E7A4F7556}") = "AppConfiguration", "AppConfiguration\AppConfiguration.csproj", "{2161A15D-4D53-4A9F-B195-D125F7EC7928}"
EndProject
Project("{FAE04EC0-301F-11D3-BF4B-00C04F79EFBC}") = "SchedulerUnitTests", "SchedulerUnitTests\SchedulerUnitTests.csproj", "{6422FB9E-C332-4B42-B0C5-2088FFB5CF33}"
EndProject
Global
	GlobalSection(SolutionConfigurationPlatforms) = preSolution
		Debug|Any CPU = Debug|Any CPU
		Release|Any CPU = Release|Any CPU
	EndGlobalSection
	GlobalSection(ProjectConfigurationPlatforms) = postSolution
		{1ADA7E2A-8B6C-4537-887F-ED4F828E98B0}.Debug|Any CPU.ActiveCfg = Debug|Any CPU
		{1ADA7E2A-8B6C-4537-887F-ED4F828E98B0}.Debug|Any CPU.Build.0 = Debug|Any CPU
		{1ADA7E2A-8B6C-4537-887F-ED4F828E98B0}.Release|Any CPU.ActiveCfg = Release|Any CPU
		{1ADA7E2A-8B6C-4537-887F-ED4F828E98B0}.Release|Any CPU.Build.0 = Release|Any CPU
		{429CE00D-C67C-4B74-B90E-E71EC06346E6}.Debug|Any CPU.ActiveCfg = Debug|Any CPU
		{429CE00D-C67C-4B74-B90E-E71EC06346E6}.Debug|Any CPU.Build.0 = Debug|Any CPU
		{429CE00D-C67C-4B74-B90E-E71EC06346E6}.Release|Any CPU.ActiveCfg = Release|Any CPU
		{429CE00D-C67C-4B74-B90E-E71EC06346E6}.Release|Any CPU.Build.0 = Release|Any CPU
		{FF684113-46CE-4711-A16D-99AE26A5E7A5}.Debug|Any CPU.ActiveCfg = Debug|Any CPU
		{FF684113-46CE-4711-A16D-99AE26A5E7A5}.Debug|Any CPU.Build.0 = Debug|Any CPU
		{FF684113-46CE-4711-A16D-99AE26A5E7A5}.Release|Any CPU.ActiveCfg = Release|Any CPU
		{FF684113-46CE-4711-A16D-99AE26A5E7A5}.Release|Any CPU.Build.0 = Release|Any CPU
		{4DD1E92D-4010-40A8-8C31-2225B6760C7F}.Debug|Any CPU.ActiveCfg = Debug|Any CPU
		{4DD1E92D-4010-40A8-8C31-2225B6760C7F}.Debug|Any CPU.Build.0 = Debug|Any CPU
		{4DD1E92D-4010-40A8-8C31-2225B6760C7F}.Release|Any CPU.ActiveCfg = Release|Any CPU
		{4DD1E92D-4010-40A8-8C31-2225B6760C7F}.Release|Any CPU.Build.0 = Release|Any CPU
		{F77E9B6E-A017-421C-949D-4CD4629E4178}.Debug|Any CPU.ActiveCfg = Debug|Any CPU
		{F77E9B6E-A017-421C-949D-4CD4629E4178}.Debug|Any CPU.Build.0 = Debug|Any CPU
		{F77E9B6E-A017-421C-949D-4CD4629E4178}.Release|Any CPU.ActiveCfg = Release|Any CPU
		{F77E9B6E-A017-421C-949D-4CD4629E4178}.Release|Any CPU.Build.0 = Release|Any CPU
		{0B111C3D-185F-4DD5-89B8-9745014D568C}.Debug|Any CPU.ActiveCfg = Debug|Any CPU
		{0B111C3D-185F-4DD5-89B8-9745014D568C}.Debug|Any CPU.Build.0 = Debug|Any CPU
		{0B111C3D-185F-4DD5-89B8-9745014D568C}.Release|Any CPU.ActiveCfg = Release|Any CPU
		{0B111C3D-185F-4DD5-89B8-9745014D568C}.Release|Any CPU.Build.0 = Release|Any CPU
		{2161A15D-4D53-4A9F-B195-D125F7EC7928}.Debug|Any CPU.ActiveCfg = Debug|Any CPU
		{2161A15D-4D53-4A9F-B195-D125F7EC7928}.Debug|Any CPU.Build.0 = Debug|Any CPU
		{2161A15D-4D53-4A9F-B195-D125F7EC7928}.Release|Any CPU.ActiveCfg = Release|Any CPU
		{2161A15D-4D53-4A9F-B195-D125F7EC7928}.Release|Any CPU.Build.0 = Release|Any CPU
		{6422FB9E-C332-4B42-B0C5-2088FFB5CF33}.Debug|Any CPU.ActiveCfg = Debug|Any CPU
		{6422FB9E-C332-4B42-B0C5-2088FFB5CF33}.Debug|Any CPU.Build.0 = Debug|Any CPU
		{6422FB9E-C332-4B42-B0C5-2088FFB5CF33}.Release|Any CPU.ActiveCfg = Release|Any CPU
		{6422FB9E-C332-4B42-B0C5-2088FFB5CF33}.Release|Any CPU.Build.0 = Release|Any CPU
	EndGlobalSection
	GlobalSection(SolutionProperties) = preSolution
		HideSolutionNode = FALSE
	EndGlobalSection
	GlobalSection(ExtensibilityGlobals) = postSolution
		SolutionGuid = {63627F02-966F-4877-9C7D-B1AB2E2599E8}
	EndGlobalSection
EndGlobal
